// !$*UTF8*$!
{
	archiveVersion = 1;
	classes = {
	};
	objectVersion = 52;
	objects = {

/* Begin PBXBuildFile section */
		38E83DFC24DBD7430064DCD5 /* AppDelegate.swift in Sources */ = {isa = PBXBuildFile; fileRef = 38E83DFB24DBD7430064DCD5 /* AppDelegate.swift */; };
		38E83E0024DBD7430064DCD5 /* ViewController.swift in Sources */ = {isa = PBXBuildFile; fileRef = 38E83DFF24DBD7430064DCD5 /* ViewController.swift */; };
		38E83E0324DBD7430064DCD5 /* Main.storyboard in Resources */ = {isa = PBXBuildFile; fileRef = 38E83E0124DBD7430064DCD5 /* Main.storyboard */; };
		38E83E0524DBD7440064DCD5 /* Assets.xcassets in Resources */ = {isa = PBXBuildFile; fileRef = 38E83E0424DBD7440064DCD5 /* Assets.xcassets */; };
		38E83E0824DBD7440064DCD5 /* LaunchScreen.storyboard in Resources */ = {isa = PBXBuildFile; fileRef = 38E83E0624DBD7440064DCD5 /* LaunchScreen.storyboard */; };
		A6A98443282EFD130052FC75 /* DataCompression.xcframework in Frameworks */ = {isa = PBXBuildFile; fileRef = A6A9843C282EFD0D0052FC75 /* DataCompression.xcframework */; };
		A6A98444282EFD130052FC75 /* DataCompression.xcframework in Embed Frameworks */ = {isa = PBXBuildFile; fileRef = A6A9843C282EFD0D0052FC75 /* DataCompression.xcframework */; settings = {ATTRIBUTES = (CodeSignOnCopy, RemoveHeadersOnCopy, ); }; };
		A6A98445282EFD150052FC75 /* Socket.xcframework in Frameworks */ = {isa = PBXBuildFile; fileRef = A6A98439282EFD0D0052FC75 /* Socket.xcframework */; };
		A6A98446282EFD150052FC75 /* Socket.xcframework in Embed Frameworks */ = {isa = PBXBuildFile; fileRef = A6A98439282EFD0D0052FC75 /* Socket.xcframework */; settings = {ATTRIBUTES = (CodeSignOnCopy, RemoveHeadersOnCopy, ); }; };
		A6A98447282EFD160052FC75 /* SpeedcheckerReportSDK.xcframework in Frameworks */ = {isa = PBXBuildFile; fileRef = A6A9843B282EFD0D0052FC75 /* SpeedcheckerReportSDK.xcframework */; };
		A6A98448282EFD160052FC75 /* SpeedcheckerReportSDK.xcframework in Embed Frameworks */ = {isa = PBXBuildFile; fileRef = A6A9843B282EFD0D0052FC75 /* SpeedcheckerReportSDK.xcframework */; settings = {ATTRIBUTES = (CodeSignOnCopy, RemoveHeadersOnCopy, ); }; };
		A6A98449282EFD170052FC75 /* SpeedcheckerSDK.xcframework in Frameworks */ = {isa = PBXBuildFile; fileRef = A6A9843D282EFD0D0052FC75 /* SpeedcheckerSDK.xcframework */; };
		A6A9844A282EFD170052FC75 /* SpeedcheckerSDK.xcframework in Embed Frameworks */ = {isa = PBXBuildFile; fileRef = A6A9843D282EFD0D0052FC75 /* SpeedcheckerSDK.xcframework */; settings = {ATTRIBUTES = (CodeSignOnCopy, RemoveHeadersOnCopy, ); }; };
		A6A9844B282EFD180052FC75 /* XMLParsing.xcframework in Frameworks */ = {isa = PBXBuildFile; fileRef = A6A9843A282EFD0D0052FC75 /* XMLParsing.xcframework */; };
		A6A9844C282EFD180052FC75 /* XMLParsing.xcframework in Embed Frameworks */ = {isa = PBXBuildFile; fileRef = A6A9843A282EFD0D0052FC75 /* XMLParsing.xcframework */; settings = {ATTRIBUTES = (CodeSignOnCopy, RemoveHeadersOnCopy, ); }; };
/* End PBXBuildFile section */

/* Begin PBXCopyFilesBuildPhase section */
		38E83E1E24DBD7B30064DCD5 /* Embed Frameworks */ = {
			isa = PBXCopyFilesBuildPhase;
			buildActionMask = 2147483647;
			dstPath = "";
			dstSubfolderSpec = 10;
			files = (
				A6A9844C282EFD180052FC75 /* XMLParsing.xcframework in Embed Frameworks */,
				A6A98446282EFD150052FC75 /* Socket.xcframework in Embed Frameworks */,
				A6A98444282EFD130052FC75 /* DataCompression.xcframework in Embed Frameworks */,
				A6A9844A282EFD170052FC75 /* SpeedcheckerSDK.xcframework in Embed Frameworks */,
				A6A98448282EFD160052FC75 /* SpeedcheckerReportSDK.xcframework in Embed Frameworks */,
			);
			name = "Embed Frameworks";
			runOnlyForDeploymentPostprocessing = 0;
		};
/* End PBXCopyFilesBuildPhase section */

/* Begin PBXFileReference section */
		38E83DF824DBD7430064DCD5 /* SpeedcheckerSDK Sample.app */ = {isa = PBXFileReference; explicitFileType = wrapper.application; includeInIndex = 0; path = "SpeedcheckerSDK Sample.app"; sourceTree = BUILT_PRODUCTS_DIR; };
		38E83DFB24DBD7430064DCD5 /* AppDelegate.swift */ = {isa = PBXFileReference; lastKnownFileType = sourcecode.swift; path = AppDelegate.swift; sourceTree = "<group>"; };
		38E83DFF24DBD7430064DCD5 /* ViewController.swift */ = {isa = PBXFileReference; lastKnownFileType = sourcecode.swift; path = ViewController.swift; sourceTree = "<group>"; };
		38E83E0224DBD7430064DCD5 /* Base */ = {isa = PBXFileReference; lastKnownFileType = file.storyboard; name = Base; path = Base.lproj/Main.storyboard; sourceTree = "<group>"; };
		38E83E0424DBD7440064DCD5 /* Assets.xcassets */ = {isa = PBXFileReference; lastKnownFileType = folder.assetcatalog; path = Assets.xcassets; sourceTree = "<group>"; };
		38E83E0724DBD7440064DCD5 /* Base */ = {isa = PBXFileReference; lastKnownFileType = file.storyboard; name = Base; path = Base.lproj/LaunchScreen.storyboard; sourceTree = "<group>"; };
		38E83E0924DBD7440064DCD5 /* Info.plist */ = {isa = PBXFileReference; lastKnownFileType = text.plist.xml; path = Info.plist; sourceTree = "<group>"; };
		A6A98439282EFD0D0052FC75 /* Socket.xcframework */ = {isa = PBXFileReference; lastKnownFileType = wrapper.xcframework; path = Socket.xcframework; sourceTree = "<group>"; };
		A6A9843A282EFD0D0052FC75 /* XMLParsing.xcframework */ = {isa = PBXFileReference; lastKnownFileType = wrapper.xcframework; path = XMLParsing.xcframework; sourceTree = "<group>"; };
		A6A9843B282EFD0D0052FC75 /* SpeedcheckerReportSDK.xcframework */ = {isa = PBXFileReference; lastKnownFileType = wrapper.xcframework; path = SpeedcheckerReportSDK.xcframework; sourceTree = "<group>"; };
		A6A9843C282EFD0D0052FC75 /* DataCompression.xcframework */ = {isa = PBXFileReference; lastKnownFileType = wrapper.xcframework; path = DataCompression.xcframework; sourceTree = "<group>"; };
		A6A9843D282EFD0D0052FC75 /* SpeedcheckerSDK.xcframework */ = {isa = PBXFileReference; lastKnownFileType = wrapper.xcframework; path = SpeedcheckerSDK.xcframework; sourceTree = "<group>"; };
/* End PBXFileReference section */

/* Begin PBXFrameworksBuildPhase section */
		38E83DF524DBD7430064DCD5 /* Frameworks */ = {
			isa = PBXFrameworksBuildPhase;
			buildActionMask = 2147483647;
			files = (
				A6A9844B282EFD180052FC75 /* XMLParsing.xcframework in Frameworks */,
				A6A98443282EFD130052FC75 /* DataCompression.xcframework in Frameworks */,
				A6A98445282EFD150052FC75 /* Socket.xcframework in Frameworks */,
				A6A98449282EFD170052FC75 /* SpeedcheckerSDK.xcframework in Frameworks */,
				A6A98447282EFD160052FC75 /* SpeedcheckerReportSDK.xcframework in Frameworks */,
			);
			runOnlyForDeploymentPostprocessing = 0;
		};
/* End PBXFrameworksBuildPhase section */

/* Begin PBXGroup section */
		38E83DEF24DBD7430064DCD5 = {
			isa = PBXGroup;
			children = (
				38E83E0F24DBD7AD0064DCD5 /* SCSDK */,
				38E83DFA24DBD7430064DCD5 /* SpeedcheckerSDK Sample */,
				38E83DF924DBD7430064DCD5 /* Products */,
			);
			sourceTree = "<group>";
		};
		38E83DF924DBD7430064DCD5 /* Products */ = {
			isa = PBXGroup;
			children = (
				38E83DF824DBD7430064DCD5 /* SpeedcheckerSDK Sample.app */,
			);
			name = Products;
			sourceTree = "<group>";
		};
		38E83DFA24DBD7430064DCD5 /* SpeedcheckerSDK Sample */ = {
			isa = PBXGroup;
			children = (
				38E83DFB24DBD7430064DCD5 /* AppDelegate.swift */,
				38E83DFF24DBD7430064DCD5 /* ViewController.swift */,
				38E83E0124DBD7430064DCD5 /* Main.storyboard */,
				38E83E0424DBD7440064DCD5 /* Assets.xcassets */,
				38E83E0624DBD7440064DCD5 /* LaunchScreen.storyboard */,
				38E83E0924DBD7440064DCD5 /* Info.plist */,
			);
			path = "SpeedcheckerSDK Sample";
			sourceTree = "<group>";
		};
		38E83E0F24DBD7AD0064DCD5 /* SCSDK */ = {
			isa = PBXGroup;
			children = (
				A6A9843C282EFD0D0052FC75 /* DataCompression.xcframework */,
				A6A98439282EFD0D0052FC75 /* Socket.xcframework */,
				A6A9843B282EFD0D0052FC75 /* SpeedcheckerReportSDK.xcframework */,
				A6A9843D282EFD0D0052FC75 /* SpeedcheckerSDK.xcframework */,
				A6A9843A282EFD0D0052FC75 /* XMLParsing.xcframework */,
			);
			path = SCSDK;
			sourceTree = "<group>";
		};
/* End PBXGroup section */

/* Begin PBXNativeTarget section */
		38E83DF724DBD7430064DCD5 /* SpeedcheckerSDK Sample */ = {
			isa = PBXNativeTarget;
			buildConfigurationList = 38E83E0C24DBD7440064DCD5 /* Build configuration list for PBXNativeTarget "SpeedcheckerSDK Sample" */;
			buildPhases = (
				38E83DF424DBD7430064DCD5 /* Sources */,
				38E83DF524DBD7430064DCD5 /* Frameworks */,
				38E83DF624DBD7430064DCD5 /* Resources */,
				38E83E1E24DBD7B30064DCD5 /* Embed Frameworks */,
			);
			buildRules = (
			);
			dependencies = (
			);
			name = "SpeedcheckerSDK Sample";
			productName = "SpeedcheckerSDK Sample";
			productReference = 38E83DF824DBD7430064DCD5 /* SpeedcheckerSDK Sample.app */;
			productType = "com.apple.product-type.application";
		};
/* End PBXNativeTarget section */

/* Begin PBXProject section */
		38E83DF024DBD7430064DCD5 /* Project object */ = {
			isa = PBXProject;
			attributes = {
				LastSwiftUpdateCheck = 1160;
				LastUpgradeCheck = 1160;
				TargetAttributes = {
					38E83DF724DBD7430064DCD5 = {
						CreatedOnToolsVersion = 11.6;
					};
				};
			};
			buildConfigurationList = 38E83DF324DBD7430064DCD5 /* Build configuration list for PBXProject "SpeedcheckerSDK Sample" */;
			compatibilityVersion = "Xcode 9.3";
			developmentRegion = en;
			hasScannedForEncodings = 0;
			knownRegions = (
				en,
				Base,
			);
			mainGroup = 38E83DEF24DBD7430064DCD5;
			productRefGroup = 38E83DF924DBD7430064DCD5 /* Products */;
			projectDirPath = "";
			projectRoot = "";
			targets = (
				38E83DF724DBD7430064DCD5 /* SpeedcheckerSDK Sample */,
			);
		};
/* End PBXProject section */

/* Begin PBXResourcesBuildPhase section */
		38E83DF624DBD7430064DCD5 /* Resources */ = {
			isa = PBXResourcesBuildPhase;
			buildActionMask = 2147483647;
			files = (
				38E83E0824DBD7440064DCD5 /* LaunchScreen.storyboard in Resources */,
				38E83E0524DBD7440064DCD5 /* Assets.xcassets in Resources */,
				38E83E0324DBD7430064DCD5 /* Main.storyboard in Resources */,
			);
			runOnlyForDeploymentPostprocessing = 0;
		};
/* End PBXResourcesBuildPhase section */

/* Begin PBXSourcesBuildPhase section */
		38E83DF424DBD7430064DCD5 /* Sources */ = {
			isa = PBXSourcesBuildPhase;
			buildActionMask = 2147483647;
			files = (
				38E83E0024DBD7430064DCD5 /* ViewController.swift in Sources */,
				38E83DFC24DBD7430064DCD5 /* AppDelegate.swift in Sources */,
			);
			runOnlyForDeploymentPostprocessing = 0;
		};
/* End PBXSourcesBuildPhase section */

/* Begin PBXVariantGroup section */
		38E83E0124DBD7430064DCD5 /* Main.storyboard */ = {
			isa = PBXVariantGroup;
			children = (
				38E83E0224DBD7430064DCD5 /* Base */,
			);
			name = Main.storyboard;
			sourceTree = "<group>";
		};
		38E83E0624DBD7440064DCD5 /* LaunchScreen.storyboard */ = {
			isa = PBXVariantGroup;
			children = (
				38E83E0724DBD7440064DCD5 /* Base */,
			);
			name = LaunchScreen.storyboard;
			sourceTree = "<group>";
		};
/* End PBXVariantGroup section */

/* Begin XCBuildConfiguration section */
		38E83E0A24DBD7440064DCD5 /* Debug */ = {
			isa = XCBuildConfiguration;
			buildSettings = {
				ALWAYS_SEARCH_USER_PATHS = NO;
				CLANG_ANALYZER_NONNULL = YES;
				CLANG_ANALYZER_NUMBER_OBJECT_CONVERSION = YES_AGGRESSIVE;
				CLANG_CXX_LANGUAGE_STANDARD = "gnu++14";
				CLANG_CXX_LIBRARY = "libc++";
				CLANG_ENABLE_MODULES = YES;
				CLANG_ENABLE_OBJC_ARC = YES;
				CLANG_ENABLE_OBJC_WEAK = YES;
				CLANG_WARN_BLOCK_CAPTURE_AUTORELEASING = YES;
				CLANG_WARN_BOOL_CONVERSION = YES;
				CLANG_WARN_COMMA = YES;
				CLANG_WARN_CONSTANT_CONVERSION = YES;
				CLANG_WARN_DEPRECATED_OBJC_IMPLEMENTATIONS = YES;
				CLANG_WARN_DIRECT_OBJC_ISA_USAGE = YES_ERROR;
				CLANG_WARN_DOCUMENTATION_COMMENTS = YES;
				CLANG_WARN_EMPTY_BODY = YES;
				CLANG_WARN_ENUM_CONVERSION = YES;
				CLANG_WARN_INFINITE_RECURSION = YES;
				CLANG_WARN_INT_CONVERSION = YES;
				CLANG_WARN_NON_LITERAL_NULL_CONVERSION = YES;
				CLANG_WARN_OBJC_IMPLICIT_RETAIN_SELF = YES;
				CLANG_WARN_OBJC_LITERAL_CONVERSION = YES;
				CLANG_WARN_OBJC_ROOT_CLASS = YES_ERROR;
				CLANG_WARN_RANGE_LOOP_ANALYSIS = YES;
				CLANG_WARN_STRICT_PROTOTYPES = YES;
				CLANG_WARN_SUSPICIOUS_MOVE = YES;
				CLANG_WARN_UNGUARDED_AVAILABILITY = YES_AGGRESSIVE;
				CLANG_WARN_UNREACHABLE_CODE = YES;
				CLANG_WARN__DUPLICATE_METHOD_MATCH = YES;
				COPY_PHASE_STRIP = NO;
				DEBUG_INFORMATION_FORMAT = dwarf;
				ENABLE_STRICT_OBJC_MSGSEND = YES;
				ENABLE_TESTABILITY = YES;
				GCC_C_LANGUAGE_STANDARD = gnu11;
				GCC_DYNAMIC_NO_PIC = NO;
				GCC_NO_COMMON_BLOCKS = YES;
				GCC_OPTIMIZATION_LEVEL = 0;
				GCC_PREPROCESSOR_DEFINITIONS = (
					"DEBUG=1",
					"$(inherited)",
				);
				GCC_WARN_64_TO_32_BIT_CONVERSION = YES;
				GCC_WARN_ABOUT_RETURN_TYPE = YES_ERROR;
				GCC_WARN_UNDECLARED_SELECTOR = YES;
				GCC_WARN_UNINITIALIZED_AUTOS = YES_AGGRESSIVE;
				GCC_WARN_UNUSED_FUNCTION = YES;
				GCC_WARN_UNUSED_VARIABLE = YES;
				IPHONEOS_DEPLOYMENT_TARGET = 13.6;
				MTL_ENABLE_DEBUG_INFO = INCLUDE_SOURCE;
				MTL_FAST_MATH = YES;
				ONLY_ACTIVE_ARCH = YES;
				SDKROOT = iphoneos;
				SWIFT_ACTIVE_COMPILATION_CONDITIONS = DEBUG;
				SWIFT_OPTIMIZATION_LEVEL = "-Onone";
			};
			name = Debug;
		};
		38E83E0B24DBD7440064DCD5 /* Release */ = {
			isa = XCBuildConfiguration;
			buildSettings = {
				ALWAYS_SEARCH_USER_PATHS = NO;
				CLANG_ANALYZER_NONNULL = YES;
				CLANG_ANALYZER_NUMBER_OBJECT_CONVERSION = YES_AGGRESSIVE;
				CLANG_CXX_LANGUAGE_STANDARD = "gnu++14";
				CLANG_CXX_LIBRARY = "libc++";
				CLANG_ENABLE_MODULES = YES;
				CLANG_ENABLE_OBJC_ARC = YES;
				CLANG_ENABLE_OBJC_WEAK = YES;
				CLANG_WARN_BLOCK_CAPTURE_AUTORELEASING = YES;
				CLANG_WARN_BOOL_CONVERSION = YES;
				CLANG_WARN_COMMA = YES;
				CLANG_WARN_CONSTANT_CONVERSION = YES;
				CLANG_WARN_DEPRECATED_OBJC_IMPLEMENTATIONS = YES;
				CLANG_WARN_DIRECT_OBJC_ISA_USAGE = YES_ERROR;
				CLANG_WARN_DOCUMENTATION_COMMENTS = YES;
				CLANG_WARN_EMPTY_BODY = YES;
				CLANG_WARN_ENUM_CONVERSION = YES;
				CLANG_WARN_INFINITE_RECURSION = YES;
				CLANG_WARN_INT_CONVERSION = YES;
				CLANG_WARN_NON_LITERAL_NULL_CONVERSION = YES;
				CLANG_WARN_OBJC_IMPLICIT_RETAIN_SELF = YES;
				CLANG_WARN_OBJC_LITERAL_CONVERSION = YES;
				CLANG_WARN_OBJC_ROOT_CLASS = YES_ERROR;
				CLANG_WARN_RANGE_LOOP_ANALYSIS = YES;
				CLANG_WARN_STRICT_PROTOTYPES = YES;
				CLANG_WARN_SUSPICIOUS_MOVE = YES;
				CLANG_WARN_UNGUARDED_AVAILABILITY = YES_AGGRESSIVE;
				CLANG_WARN_UNREACHABLE_CODE = YES;
				CLANG_WARN__DUPLICATE_METHOD_MATCH = YES;
				COPY_PHASE_STRIP = NO;
				DEBUG_INFORMATION_FORMAT = "dwarf-with-dsym";
				ENABLE_NS_ASSERTIONS = NO;
				ENABLE_STRICT_OBJC_MSGSEND = YES;
				GCC_C_LANGUAGE_STANDARD = gnu11;
				GCC_NO_COMMON_BLOCKS = YES;
				GCC_WARN_64_TO_32_BIT_CONVERSION = YES;
				GCC_WARN_ABOUT_RETURN_TYPE = YES_ERROR;
				GCC_WARN_UNDECLARED_SELECTOR = YES;
				GCC_WARN_UNINITIALIZED_AUTOS = YES_AGGRESSIVE;
				GCC_WARN_UNUSED_FUNCTION = YES;
				GCC_WARN_UNUSED_VARIABLE = YES;
				IPHONEOS_DEPLOYMENT_TARGET = 13.6;
				MTL_ENABLE_DEBUG_INFO = NO;
				MTL_FAST_MATH = YES;
				SDKROOT = iphoneos;
				SWIFT_COMPILATION_MODE = wholemodule;
				SWIFT_OPTIMIZATION_LEVEL = "-O";
				VALIDATE_PRODUCT = YES;
			};
			name = Release;
		};
		38E83E0D24DBD7440064DCD5 /* Debug */ = {
			isa = XCBuildConfiguration;
			buildSettings = {
				ASSETCATALOG_COMPILER_APPICON_NAME = AppIcon;
				CODE_SIGN_STYLE = Automatic;
				DEVELOPMENT_TEAM = W4L7C7T8G2;
				FRAMEWORK_SEARCH_PATHS = (
					"$(inherited)",
					"$(PROJECT_DIR)/SCSDK",
				);
				INFOPLIST_FILE = "SpeedcheckerSDK Sample/Info.plist";
				IPHONEOS_DEPLOYMENT_TARGET = 12.1;
				LD_RUNPATH_SEARCH_PATHS = (
					"$(inherited)",
					"@executable_path/Frameworks",
				);
				PRODUCT_BUNDLE_IDENTIFIER = "com.speedchecker.SpeedcheckerSDK-Sample";
				PRODUCT_NAME = "$(TARGET_NAME)";
				SWIFT_VERSION = 5.0;
				TARGETED_DEVICE_FAMILY = "1,2";
			};
			name = Debug;
		};
		38E83E0E24DBD7440064DCD5 /* Release */ = {
			isa = XCBuildConfiguration;
			buildSettings = {
				ASSETCATALOG_COMPILER_APPICON_NAME = AppIcon;
				CODE_SIGN_STYLE = Automatic;
				DEVELOPMENT_TEAM = W4L7C7T8G2;
				FRAMEWORK_SEARCH_PATHS = (
					"$(inherited)",
					"$(PROJECT_DIR)/SCSDK",
				);
				INFOPLIST_FILE = "SpeedcheckerSDK Sample/Info.plist";
				IPHONEOS_DEPLOYMENT_TARGET = 12.1;
				LD_RUNPATH_SEARCH_PATHS = (
					"$(inherited)",
					"@executable_path/Frameworks",
				);
				PRODUCT_BUNDLE_IDENTIFIER = "com.speedchecker.SpeedcheckerSDK-Sample";
				PRODUCT_NAME = "$(TARGET_NAME)";
				SWIFT_VERSION = 5.0;
				TARGETED_DEVICE_FAMILY = "1,2";
			};
			name = Release;
		};
/* End XCBuildConfiguration section */

/* Begin XCConfigurationList section */
		38E83DF324DBD7430064DCD5 /* Build configuration list for PBXProject "SpeedcheckerSDK Sample" */ = {
			isa = XCConfigurationList;
			buildConfigurations = (
				38E83E0A24DBD7440064DCD5 /* Debug */,
				38E83E0B24DBD7440064DCD5 /* Release */,
			);
			defaultConfigurationIsVisible = 0;
			defaultConfigurationName = Release;
		};
		38E83E0C24DBD7440064DCD5 /* Build configuration list for PBXNativeTarget "SpeedcheckerSDK Sample" */ = {
			isa = XCConfigurationList;
			buildConfigurations = (
				38E83E0D24DBD7440064DCD5 /* Debug */,
				38E83E0E24DBD7440064DCD5 /* Release */,
			);
			defaultConfigurationIsVisible = 0;
			defaultConfigurationName = Release;
		};
/* End XCConfigurationList section */
	};
	rootObject = 38E83DF024DBD7430064DCD5 /* Project object */;
}
