// !$*UTF8*$!
{
	archiveVersion = 1;
	classes = {
	};
	objectVersion = 70;
	objects = {

/* Begin PBXBuildFile section */
		38E83DFC24DBD7430064DCD5 /* AppDelegate.swift in Sources */ = {isa = PBXBuildFile; fileRef = 38E83DFB24DBD7430064DCD5 /* AppDelegate.swift */; };
		38E83E0024DBD7430064DCD5 /* ViewController.swift in Sources */ = {isa = PBXBuildFile; fileRef = 38E83DFF24DBD7430064DCD5 /* ViewController.swift */; };
		38E83E0324DBD7430064DCD5 /* Main.storyboard in Resources */ = {isa = PBXBuildFile; fileRef = 38E83E0124DBD7430064DCD5 /* Main.storyboard */; };
		38E83E0524DBD7440064DCD5 /* Assets.xcassets in Resources */ = {isa = PBXBuildFile; fileRef = 38E83E0424DBD7440064DCD5 /* Assets.xcassets */; };
		38E83E0824DBD7440064DCD5 /* LaunchScreen.storyboard in Resources */ = {isa = PBXBuildFile; fileRef = 38E83E0624DBD7440064DCD5 /* LaunchScreen.storyboard */; };
		A67814B82832864300988B9B /* AppDelegate.swift in Sources */ = {isa = PBXBuildFile; fileRef = A67814B72832864300988B9B /* AppDelegate.swift */; };
		A67814BC2832864300988B9B /* ViewController.swift in Sources */ = {isa = PBXBuildFile; fileRef = A67814BB2832864300988B9B /* ViewController.swift */; };
		A67814BF2832864300988B9B /* Main.storyboard in Resources */ = {isa = PBXBuildFile; fileRef = A67814BD2832864300988B9B /* Main.storyboard */; };
		A67814C12832864300988B9B /* Assets.xcassets in Resources */ = {isa = PBXBuildFile; fileRef = A67814C02832864300988B9B /* Assets.xcassets */; };
		A67814C42832864300988B9B /* LaunchScreen.storyboard in Resources */ = {isa = PBXBuildFile; fileRef = A67814C22832864300988B9B /* LaunchScreen.storyboard */; };
		A6E7F4B52DB81CFF0034B38E /* DataCompression.xcframework in Frameworks */ = {isa = PBXBuildFile; fileRef = A6E9893829E890D300AEFD64 /* DataCompression.xcframework */; };
		A6E7F4B62DB81CFF0034B38E /* DataCompression.xcframework in Embed Frameworks */ = {isa = PBXBuildFile; fileRef = A6E9893829E890D300AEFD64 /* DataCompression.xcframework */; settings = {ATTRIBUTES = (CodeSignOnCopy, RemoveHeadersOnCopy, ); }; };
		A6E7F4B72DB81CFF0034B38E /* Socket.xcframework in Frameworks */ = {isa = PBXBuildFile; fileRef = A6E9893629E890D300AEFD64 /* Socket.xcframework */; };
		A6E7F4B82DB81CFF0034B38E /* Socket.xcframework in Embed Frameworks */ = {isa = PBXBuildFile; fileRef = A6E9893629E890D300AEFD64 /* Socket.xcframework */; settings = {ATTRIBUTES = (CodeSignOnCopy, RemoveHeadersOnCopy, ); }; };
		A6E7F4B92DB81CFF0034B38E /* SpeedcheckerReportSDK.xcframework in Frameworks */ = {isa = PBXBuildFile; fileRef = A6E9893729E890D300AEFD64 /* SpeedcheckerReportSDK.xcframework */; };
		A6E7F4BA2DB81CFF0034B38E /* SpeedcheckerReportSDK.xcframework in Embed Frameworks */ = {isa = PBXBuildFile; fileRef = A6E9893729E890D300AEFD64 /* SpeedcheckerReportSDK.xcframework */; settings = {ATTRIBUTES = (CodeSignOnCopy, RemoveHeadersOnCopy, ); }; };
		A6E7F4BB2DB81CFF0034B38E /* SpeedcheckerSDK.xcframework in Frameworks */ = {isa = PBXBuildFile; fileRef = A6E9893929E890D300AEFD64 /* SpeedcheckerSDK.xcframework */; };
		A6E7F4BC2DB81CFF0034B38E /* SpeedcheckerSDK.xcframework in Embed Frameworks */ = {isa = PBXBuildFile; fileRef = A6E9893929E890D300AEFD64 /* SpeedcheckerSDK.xcframework */; settings = {ATTRIBUTES = (CodeSignOnCopy, RemoveHeadersOnCopy, ); }; };
		A6E7F4BD2DB81CFF0034B38E /* XMLParsing.xcframework in Frameworks */ = {isa = PBXBuildFile; fileRef = A6E9893529E890D300AEFD64 /* XMLParsing.xcframework */; };
		A6E7F4BE2DB81CFF0034B38E /* XMLParsing.xcframework in Embed Frameworks */ = {isa = PBXBuildFile; fileRef = A6E9893529E890D300AEFD64 /* XMLParsing.xcframework */; settings = {ATTRIBUTES = (CodeSignOnCopy, RemoveHeadersOnCopy, ); }; };
		A6E9894429E890EA00AEFD64 /* DataCompression.xcframework in Frameworks */ = {isa = PBXBuildFile; fileRef = A6E9893829E890D300AEFD64 /* DataCompression.xcframework */; };
		A6E9894529E890EA00AEFD64 /* DataCompression.xcframework in Embed Frameworks */ = {isa = PBXBuildFile; fileRef = A6E9893829E890D300AEFD64 /* DataCompression.xcframework */; settings = {ATTRIBUTES = (CodeSignOnCopy, RemoveHeadersOnCopy, ); }; };
		A6E9894629E890EB00AEFD64 /* Socket.xcframework in Frameworks */ = {isa = PBXBuildFile; fileRef = A6E9893629E890D300AEFD64 /* Socket.xcframework */; };
		A6E9894729E890EB00AEFD64 /* Socket.xcframework in Embed Frameworks */ = {isa = PBXBuildFile; fileRef = A6E9893629E890D300AEFD64 /* Socket.xcframework */; settings = {ATTRIBUTES = (CodeSignOnCopy, RemoveHeadersOnCopy, ); }; };
		A6E9894829E890EC00AEFD64 /* SpeedcheckerReportSDK.xcframework in Frameworks */ = {isa = PBXBuildFile; fileRef = A6E9893729E890D300AEFD64 /* SpeedcheckerReportSDK.xcframework */; };
		A6E9894929E890EC00AEFD64 /* SpeedcheckerReportSDK.xcframework in Embed Frameworks */ = {isa = PBXBuildFile; fileRef = A6E9893729E890D300AEFD64 /* SpeedcheckerReportSDK.xcframework */; settings = {ATTRIBUTES = (CodeSignOnCopy, RemoveHeadersOnCopy, ); }; };
		A6E9894A29E890EE00AEFD64 /* SpeedcheckerSDK.xcframework in Frameworks */ = {isa = PBXBuildFile; fileRef = A6E9893929E890D300AEFD64 /* SpeedcheckerSDK.xcframework */; };
		A6E9894B29E890EE00AEFD64 /* SpeedcheckerSDK.xcframework in Embed Frameworks */ = {isa = PBXBuildFile; fileRef = A6E9893929E890D300AEFD64 /* SpeedcheckerSDK.xcframework */; settings = {ATTRIBUTES = (CodeSignOnCopy, RemoveHeadersOnCopy, ); }; };
		A6E9894C29E890EF00AEFD64 /* XMLParsing.xcframework in Frameworks */ = {isa = PBXBuildFile; fileRef = A6E9893529E890D300AEFD64 /* XMLParsing.xcframework */; };
		A6E9894D29E890EF00AEFD64 /* XMLParsing.xcframework in Embed Frameworks */ = {isa = PBXBuildFile; fileRef = A6E9893529E890D300AEFD64 /* XMLParsing.xcframework */; settings = {ATTRIBUTES = (CodeSignOnCopy, RemoveHeadersOnCopy, ); }; };
		A6E9894E29E890F300AEFD64 /* DataCompression.xcframework in Frameworks */ = {isa = PBXBuildFile; fileRef = A6E9893829E890D300AEFD64 /* DataCompression.xcframework */; };
		A6E9894F29E890F300AEFD64 /* DataCompression.xcframework in Embed Frameworks */ = {isa = PBXBuildFile; fileRef = A6E9893829E890D300AEFD64 /* DataCompression.xcframework */; settings = {ATTRIBUTES = (CodeSignOnCopy, RemoveHeadersOnCopy, ); }; };
		A6E9895029E890F400AEFD64 /* Socket.xcframework in Frameworks */ = {isa = PBXBuildFile; fileRef = A6E9893629E890D300AEFD64 /* Socket.xcframework */; };
		A6E9895129E890F400AEFD64 /* Socket.xcframework in Embed Frameworks */ = {isa = PBXBuildFile; fileRef = A6E9893629E890D300AEFD64 /* Socket.xcframework */; settings = {ATTRIBUTES = (CodeSignOnCopy, RemoveHeadersOnCopy, ); }; };
		A6E9895229E890F600AEFD64 /* SpeedcheckerReportSDK.xcframework in Frameworks */ = {isa = PBXBuildFile; fileRef = A6E9893729E890D300AEFD64 /* SpeedcheckerReportSDK.xcframework */; };
		A6E9895329E890F600AEFD64 /* SpeedcheckerReportSDK.xcframework in Embed Frameworks */ = {isa = PBXBuildFile; fileRef = A6E9893729E890D300AEFD64 /* SpeedcheckerReportSDK.xcframework */; settings = {ATTRIBUTES = (CodeSignOnCopy, RemoveHeadersOnCopy, ); }; };
		A6E9895429E890F700AEFD64 /* SpeedcheckerSDK.xcframework in Frameworks */ = {isa = PBXBuildFile; fileRef = A6E9893929E890D300AEFD64 /* SpeedcheckerSDK.xcframework */; };
		A6E9895529E890F700AEFD64 /* SpeedcheckerSDK.xcframework in Embed Frameworks */ = {isa = PBXBuildFile; fileRef = A6E9893929E890D300AEFD64 /* SpeedcheckerSDK.xcframework */; settings = {ATTRIBUTES = (CodeSignOnCopy, RemoveHeadersOnCopy, ); }; };
		A6E9895629E890F800AEFD64 /* XMLParsing.xcframework in Frameworks */ = {isa = PBXBuildFile; fileRef = A6E9893529E890D300AEFD64 /* XMLParsing.xcframework */; };
		A6E9895729E890F800AEFD64 /* XMLParsing.xcframework in Embed Frameworks */ = {isa = PBXBuildFile; fileRef = A6E9893529E890D300AEFD64 /* XMLParsing.xcframework */; settings = {ATTRIBUTES = (CodeSignOnCopy, RemoveHeadersOnCopy, ); }; };
/* End PBXBuildFile section */

/* Begin PBXCopyFilesBuildPhase section */
		38E83E1E24DBD7B30064DCD5 /* Embed Frameworks */ = {
			isa = PBXCopyFilesBuildPhase;
			buildActionMask = 2147483647;
			dstPath = "";
			dstSubfolderSpec = 10;
			files = (
				A6E9894D29E890EF00AEFD64 /* XMLParsing.xcframework in Embed Frameworks */,
				A6E9894729E890EB00AEFD64 /* Socket.xcframework in Embed Frameworks */,
				A6E9894529E890EA00AEFD64 /* DataCompression.xcframework in Embed Frameworks */,
				A6E9894B29E890EE00AEFD64 /* SpeedcheckerSDK.xcframework in Embed Frameworks */,
				A6E9894929E890EC00AEFD64 /* SpeedcheckerReportSDK.xcframework in Embed Frameworks */,
			);
			name = "Embed Frameworks";
			runOnlyForDeploymentPostprocessing = 0;
		};
		A67814E62832869400988B9B /* Embed Frameworks */ = {
			isa = PBXCopyFilesBuildPhase;
			buildActionMask = 2147483647;
			dstPath = "";
			dstSubfolderSpec = 10;
			files = (
				A6E9895729E890F800AEFD64 /* XMLParsing.xcframework in Embed Frameworks */,
				A6E9895129E890F400AEFD64 /* Socket.xcframework in Embed Frameworks */,
				A6E9894F29E890F300AEFD64 /* DataCompression.xcframework in Embed Frameworks */,
				A6E9895529E890F700AEFD64 /* SpeedcheckerSDK.xcframework in Embed Frameworks */,
				A6E9895329E890F600AEFD64 /* SpeedcheckerReportSDK.xcframework in Embed Frameworks */,
			);
			name = "Embed Frameworks";
			runOnlyForDeploymentPostprocessing = 0;
		};
		A6E7F4BF2DB81CFF0034B38E /* Embed Frameworks */ = {
			isa = PBXCopyFilesBuildPhase;
			buildActionMask = 2147483647;
			dstPath = "";
			dstSubfolderSpec = 10;
			files = (
				A6E7F4BE2DB81CFF0034B38E /* XMLParsing.xcframework in Embed Frameworks */,
				A6E7F4B82DB81CFF0034B38E /* Socket.xcframework in Embed Frameworks */,
				A6E7F4B62DB81CFF0034B38E /* DataCompression.xcframework in Embed Frameworks */,
				A6E7F4BC2DB81CFF0034B38E /* SpeedcheckerSDK.xcframework in Embed Frameworks */,
				A6E7F4BA2DB81CFF0034B38E /* SpeedcheckerReportSDK.xcframework in Embed Frameworks */,
			);
			name = "Embed Frameworks";
			runOnlyForDeploymentPostprocessing = 0;
		};
/* End PBXCopyFilesBuildPhase section */

/* Begin PBXFileReference section */
		38E83DF824DBD7430064DCD5 /* SpeedcheckerSDK Sample.app */ = {isa = PBXFileReference; explicitFileType = wrapper.application; includeInIndex = 0; path = "SpeedcheckerSDK Sample.app"; sourceTree = BUILT_PRODUCTS_DIR; };
		38E83DFB24DBD7430064DCD5 /* AppDelegate.swift */ = {isa = PBXFileReference; lastKnownFileType = sourcecode.swift; path = AppDelegate.swift; sourceTree = "<group>"; };
		38E83DFF24DBD7430064DCD5 /* ViewController.swift */ = {isa = PBXFileReference; lastKnownFileType = sourcecode.swift; path = ViewController.swift; sourceTree = "<group>"; };
		38E83E0224DBD7430064DCD5 /* Base */ = {isa = PBXFileReference; lastKnownFileType = file.storyboard; name = Base; path = Base.lproj/Main.storyboard; sourceTree = "<group>"; };
		38E83E0424DBD7440064DCD5 /* Assets.xcassets */ = {isa = PBXFileReference; lastKnownFileType = folder.assetcatalog; path = Assets.xcassets; sourceTree = "<group>"; };
		38E83E0724DBD7440064DCD5 /* Base */ = {isa = PBXFileReference; lastKnownFileType = file.storyboard; name = Base; path = Base.lproj/LaunchScreen.storyboard; sourceTree = "<group>"; };
		38E83E0924DBD7440064DCD5 /* Info.plist */ = {isa = PBXFileReference; lastKnownFileType = text.plist.xml; path = Info.plist; sourceTree = "<group>"; };
		A67814B52832864300988B9B /* BackgroundTests Sample.app */ = {isa = PBXFileReference; explicitFileType = wrapper.application; includeInIndex = 0; path = "BackgroundTests Sample.app"; sourceTree = BUILT_PRODUCTS_DIR; };
		A67814B72832864300988B9B /* AppDelegate.swift */ = {isa = PBXFileReference; lastKnownFileType = sourcecode.swift; path = AppDelegate.swift; sourceTree = "<group>"; };
		A67814BB2832864300988B9B /* ViewController.swift */ = {isa = PBXFileReference; lastKnownFileType = sourcecode.swift; path = ViewController.swift; sourceTree = "<group>"; };
		A67814BE2832864300988B9B /* Base */ = {isa = PBXFileReference; lastKnownFileType = file.storyboard; name = Base; path = Base.lproj/Main.storyboard; sourceTree = "<group>"; };
		A67814C02832864300988B9B /* Assets.xcassets */ = {isa = PBXFileReference; lastKnownFileType = folder.assetcatalog; path = Assets.xcassets; sourceTree = "<group>"; };
		A67814C32832864300988B9B /* Base */ = {isa = PBXFileReference; lastKnownFileType = file.storyboard; name = Base; path = Base.lproj/LaunchScreen.storyboard; sourceTree = "<group>"; };
		A67814C52832864300988B9B /* Info.plist */ = {isa = PBXFileReference; lastKnownFileType = text.plist.xml; path = Info.plist; sourceTree = "<group>"; };
		A6E7F48E2DB817890034B38E /* LaunchTest Sample.app */ = {isa = PBXFileReference; explicitFileType = wrapper.application; includeInIndex = 0; path = "LaunchTest Sample.app"; sourceTree = BUILT_PRODUCTS_DIR; };
		A6E9893529E890D300AEFD64 /* XMLParsing.xcframework */ = {isa = PBXFileReference; lastKnownFileType = wrapper.xcframework; name = XMLParsing.xcframework; path = ../Framework/XMLParsing.xcframework; sourceTree = "<group>"; };
		A6E9893629E890D300AEFD64 /* Socket.xcframework */ = {isa = PBXFileReference; lastKnownFileType = wrapper.xcframework; name = Socket.xcframework; path = ../Framework/Socket.xcframework; sourceTree = "<group>"; };
		A6E9893729E890D300AEFD64 /* SpeedcheckerReportSDK.xcframework */ = {isa = PBXFileReference; lastKnownFileType = wrapper.xcframework; name = SpeedcheckerReportSDK.xcframework; path = ../Framework/SpeedcheckerReportSDK.xcframework; sourceTree = "<group>"; };
		A6E9893829E890D300AEFD64 /* DataCompression.xcframework */ = {isa = PBXFileReference; lastKnownFileType = wrapper.xcframework; name = DataCompression.xcframework; path = ../Framework/DataCompression.xcframework; sourceTree = "<group>"; };
		A6E9893929E890D300AEFD64 /* SpeedcheckerSDK.xcframework */ = {isa = PBXFileReference; lastKnownFileType = wrapper.xcframework; name = SpeedcheckerSDK.xcframework; path = ../Framework/SpeedcheckerSDK.xcframework; sourceTree = "<group>"; };
/* End PBXFileReference section */

/* Begin PBXFileSystemSynchronizedBuildFileExceptionSet section */
		A6E7F49F2DB8178A0034B38E /* PBXFileSystemSynchronizedBuildFileExceptionSet */ = {
			isa = PBXFileSystemSynchronizedBuildFileExceptionSet;
			membershipExceptions = (
				Info.plist,
			);
			target = A6E7F48D2DB817890034B38E /* LaunchTest Sample */;
		};
/* End PBXFileSystemSynchronizedBuildFileExceptionSet section */

/* Begin PBXFileSystemSynchronizedRootGroup section */
		A6E7F48F2DB817890034B38E /* LaunchTest Sample */ = {isa = PBXFileSystemSynchronizedRootGroup; exceptions = (A6E7F49F2DB8178A0034B38E /* PBXFileSystemSynchronizedBuildFileExceptionSet */, ); explicitFileTypes = {}; explicitFolders = (); path = "LaunchTest Sample"; sourceTree = "<group>"; };
/* End PBXFileSystemSynchronizedRootGroup section */

/* Begin PBXFrameworksBuildPhase section */
		38E83DF524DBD7430064DCD5 /* Frameworks */ = {
			isa = PBXFrameworksBuildPhase;
			buildActionMask = 2147483647;
			files = (
				A6E9894C29E890EF00AEFD64 /* XMLParsing.xcframework in Frameworks */,
				A6E9894429E890EA00AEFD64 /* DataCompression.xcframework in Frameworks */,
				A6E9894629E890EB00AEFD64 /* Socket.xcframework in Frameworks */,
				A6E9894A29E890EE00AEFD64 /* SpeedcheckerSDK.xcframework in Frameworks */,
				A6E9894829E890EC00AEFD64 /* SpeedcheckerReportSDK.xcframework in Frameworks */,
			);
			runOnlyForDeploymentPostprocessing = 0;
		};
		A67814B22832864300988B9B /* Frameworks */ = {
			isa = PBXFrameworksBuildPhase;
			buildActionMask = 2147483647;
			files = (
				A6E9895629E890F800AEFD64 /* XMLParsing.xcframework in Frameworks */,
				A6E9894E29E890F300AEFD64 /* DataCompression.xcframework in Frameworks */,
				A6E9895029E890F400AEFD64 /* Socket.xcframework in Frameworks */,
				A6E9895429E890F700AEFD64 /* SpeedcheckerSDK.xcframework in Frameworks */,
				A6E9895229E890F600AEFD64 /* SpeedcheckerReportSDK.xcframework in Frameworks */,
			);
			runOnlyForDeploymentPostprocessing = 0;
		};
		A6E7F48B2DB817890034B38E /* Frameworks */ = {
			isa = PBXFrameworksBuildPhase;
			buildActionMask = 2147483647;
			files = (
				A6E7F4BD2DB81CFF0034B38E /* XMLParsing.xcframework in Frameworks */,
				A6E7F4B72DB81CFF0034B38E /* Socket.xcframework in Frameworks */,
				A6E7F4B52DB81CFF0034B38E /* DataCompression.xcframework in Frameworks */,
				A6E7F4BB2DB81CFF0034B38E /* SpeedcheckerSDK.xcframework in Frameworks */,
				A6E7F4B92DB81CFF0034B38E /* SpeedcheckerReportSDK.xcframework in Frameworks */,
			);
			runOnlyForDeploymentPostprocessing = 0;
		};
/* End PBXFrameworksBuildPhase section */

/* Begin PBXGroup section */
		38E83DEF24DBD7430064DCD5 = {
			isa = PBXGroup;
			children = (
				A6E9893429E890B100AEFD64 /* SCSDK */,
				38E83DFA24DBD7430064DCD5 /* SpeedcheckerSDK Sample */,
				A67814B62832864300988B9B /* BackgroundTests Sample */,
				A6E7F48F2DB817890034B38E /* LaunchTest Sample */,
				38E83DF924DBD7430064DCD5 /* Products */,
			);
			sourceTree = "<group>";
		};
		38E83DF924DBD7430064DCD5 /* Products */ = {
			isa = PBXGroup;
			children = (
				38E83DF824DBD7430064DCD5 /* SpeedcheckerSDK Sample.app */,
				A67814B52832864300988B9B /* BackgroundTests Sample.app */,
				A6E7F48E2DB817890034B38E /* LaunchTest Sample.app */,
			);
			name = Products;
			sourceTree = "<group>";
		};
		38E83DFA24DBD7430064DCD5 /* SpeedcheckerSDK Sample */ = {
			isa = PBXGroup;
			children = (
				38E83DFB24DBD7430064DCD5 /* AppDelegate.swift */,
				38E83DFF24DBD7430064DCD5 /* ViewController.swift */,
				38E83E0124DBD7430064DCD5 /* Main.storyboard */,
				38E83E0424DBD7440064DCD5 /* Assets.xcassets */,
				38E83E0624DBD7440064DCD5 /* LaunchScreen.storyboard */,
				38E83E0924DBD7440064DCD5 /* Info.plist */,
			);
			path = "SpeedcheckerSDK Sample";
			sourceTree = "<group>";
		};
		A67814B62832864300988B9B /* BackgroundTests Sample */ = {
			isa = PBXGroup;
			children = (
				A67814B72832864300988B9B /* AppDelegate.swift */,
				A67814BB2832864300988B9B /* ViewController.swift */,
				A67814BD2832864300988B9B /* Main.storyboard */,
				A67814C02832864300988B9B /* Assets.xcassets */,
				A67814C22832864300988B9B /* LaunchScreen.storyboard */,
				A67814C52832864300988B9B /* Info.plist */,
			);
			path = "BackgroundTests Sample";
			sourceTree = "<group>";
		};
		A6E9893429E890B100AEFD64 /* SCSDK */ = {
			isa = PBXGroup;
			children = (
				A6E9893829E890D300AEFD64 /* DataCompression.xcframework */,
				A6E9893629E890D300AEFD64 /* Socket.xcframework */,
				A6E9893729E890D300AEFD64 /* SpeedcheckerReportSDK.xcframework */,
				A6E9893929E890D300AEFD64 /* SpeedcheckerSDK.xcframework */,
				A6E9893529E890D300AEFD64 /* XMLParsing.xcframework */,
			);
			name = SCSDK;
			sourceTree = "<group>";
		};
/* End PBXGroup section */

/* Begin PBXNativeTarget section */
		38E83DF724DBD7430064DCD5 /* SpeedcheckerSDK Sample */ = {
			isa = PBXNativeTarget;
			buildConfigurationList = 38E83E0C24DBD7440064DCD5 /* Build configuration list for PBXNativeTarget "SpeedcheckerSDK Sample" */;
			buildPhases = (
				38E83DF424DBD7430064DCD5 /* Sources */,
				38E83DF524DBD7430064DCD5 /* Frameworks */,
				38E83DF624DBD7430064DCD5 /* Resources */,
				38E83E1E24DBD7B30064DCD5 /* Embed Frameworks */,
			);
			buildRules = (
			);
			dependencies = (
			);
			name = "SpeedcheckerSDK Sample";
			productName = "SpeedcheckerSDK Sample";
			productReference = 38E83DF824DBD7430064DCD5 /* SpeedcheckerSDK Sample.app */;
			productType = "com.apple.product-type.application";
		};
		A67814B42832864300988B9B /* BackgroundTests Sample */ = {
			isa = PBXNativeTarget;
			buildConfigurationList = A67814C62832864300988B9B /* Build configuration list for PBXNativeTarget "BackgroundTests Sample" */;
			buildPhases = (
				A67814B12832864300988B9B /* Sources */,
				A67814B22832864300988B9B /* Frameworks */,
				A67814B32832864300988B9B /* Resources */,
				A67814E62832869400988B9B /* Embed Frameworks */,
			);
			buildRules = (
			);
			dependencies = (
			);
			name = "BackgroundTests Sample";
			productName = "BackgroundTests Sample";
			productReference = A67814B52832864300988B9B /* BackgroundTests Sample.app */;
			productType = "com.apple.product-type.application";
		};
		A6E7F48D2DB817890034B38E /* LaunchTest Sample */ = {
			isa = PBXNativeTarget;
			buildConfigurationList = A6E7F4A02DB8178A0034B38E /* Build configuration list for PBXNativeTarget "LaunchTest Sample" */;
			buildPhases = (
				A6E7F48A2DB817890034B38E /* Sources */,
				A6E7F48B2DB817890034B38E /* Frameworks */,
				A6E7F48C2DB817890034B38E /* Resources */,
				A6E7F4BF2DB81CFF0034B38E /* Embed Frameworks */,
			);
			buildRules = (
			);
			dependencies = (
			);
			fileSystemSynchronizedGroups = (
				A6E7F48F2DB817890034B38E /* LaunchTest Sample */,
			);
			name = "LaunchTest Sample";
			packageProductDependencies = (
			);
			productName = "LaunchTest Sample";
			productReference = A6E7F48E2DB817890034B38E /* LaunchTest Sample.app */;
			productType = "com.apple.product-type.application";
		};
/* End PBXNativeTarget section */

/* Begin PBXProject section */
		38E83DF024DBD7430064DCD5 /* Project object */ = {
			isa = PBXProject;
			attributes = {
				LastSwiftUpdateCheck = 1620;
				LastUpgradeCheck = 1160;
				TargetAttributes = {
					38E83DF724DBD7430064DCD5 = {
						CreatedOnToolsVersion = 11.6;
					};
					A67814B42832864300988B9B = {
						CreatedOnToolsVersion = 13.3.1;
					};
					A6E7F48D2DB817890034B38E = {
						CreatedOnToolsVersion = 16.2;
					};
				};
			};
			buildConfigurationList = 38E83DF324DBD7430064DCD5 /* Build configuration list for PBXProject "SpeedcheckerSDK Sample" */;
			compatibilityVersion = "Xcode 9.3";
			developmentRegion = en;
			hasScannedForEncodings = 0;
			knownRegions = (
				en,
				Base,
			);
			mainGroup = 38E83DEF24DBD7430064DCD5;
			productRefGroup = 38E83DF924DBD7430064DCD5 /* Products */;
			projectDirPath = "";
			projectRoot = "";
			targets = (
				38E83DF724DBD7430064DCD5 /* SpeedcheckerSDK Sample */,
				A67814B42832864300988B9B /* BackgroundTests Sample */,
				A6E7F48D2DB817890034B38E /* LaunchTest Sample */,
			);
		};
/* End PBXProject section */

/* Begin PBXResourcesBuildPhase section */
		38E83DF624DBD7430064DCD5 /* Resources */ = {
			isa = PBXResourcesBuildPhase;
			buildActionMask = 2147483647;
			files = (
				38E83E0824DBD7440064DCD5 /* LaunchScreen.storyboard in Resources */,
				38E83E0524DBD7440064DCD5 /* Assets.xcassets in Resources */,
				38E83E0324DBD7430064DCD5 /* Main.storyboard in Resources */,
			);
			runOnlyForDeploymentPostprocessing = 0;
		};
		A67814B32832864300988B9B /* Resources */ = {
			isa = PBXResourcesBuildPhase;
			buildActionMask = 2147483647;
			files = (
				A67814C42832864300988B9B /* LaunchScreen.storyboard in Resources */,
				A67814C12832864300988B9B /* Assets.xcassets in Resources */,
				A67814BF2832864300988B9B /* Main.storyboard in Resources */,
			);
			runOnlyForDeploymentPostprocessing = 0;
		};
		A6E7F48C2DB817890034B38E /* Resources */ = {
			isa = PBXResourcesBuildPhase;
			buildActionMask = 2147483647;
			files = (
			);
			runOnlyForDeploymentPostprocessing = 0;
		};
/* End PBXResourcesBuildPhase section */

/* Begin PBXSourcesBuildPhase section */
		38E83DF424DBD7430064DCD5 /* Sources */ = {
			isa = PBXSourcesBuildPhase;
			buildActionMask = 2147483647;
			files = (
				38E83E0024DBD7430064DCD5 /* ViewController.swift in Sources */,
				38E83DFC24DBD7430064DCD5 /* AppDelegate.swift in Sources */,
			);
			runOnlyForDeploymentPostprocessing = 0;
		};
		A67814B12832864300988B9B /* Sources */ = {
			isa = PBXSourcesBuildPhase;
			buildActionMask = 2147483647;
			files = (
				A67814BC2832864300988B9B /* ViewController.swift in Sources */,
				A67814B82832864300988B9B /* AppDelegate.swift in Sources */,
			);
			runOnlyForDeploymentPostprocessing = 0;
		};
		A6E7F48A2DB817890034B38E /* Sources */ = {
			isa = PBXSourcesBuildPhase;
			buildActionMask = 2147483647;
			files = (
			);
			runOnlyForDeploymentPostprocessing = 0;
		};
/* End PBXSourcesBuildPhase section */

/* Begin PBXVariantGroup section */
		38E83E0124DBD7430064DCD5 /* Main.storyboard */ = {
			isa = PBXVariantGroup;
			children = (
				38E83E0224DBD7430064DCD5 /* Base */,
			);
			name = Main.storyboard;
			sourceTree = "<group>";
		};
		38E83E0624DBD7440064DCD5 /* LaunchScreen.storyboard */ = {
			isa = PBXVariantGroup;
			children = (
				38E83E0724DBD7440064DCD5 /* Base */,
			);
			name = LaunchScreen.storyboard;
			sourceTree = "<group>";
		};
		A67814BD2832864300988B9B /* Main.storyboard */ = {
			isa = PBXVariantGroup;
			children = (
				A67814BE2832864300988B9B /* Base */,
			);
			name = Main.storyboard;
			sourceTree = "<group>";
		};
		A67814C22832864300988B9B /* LaunchScreen.storyboard */ = {
			isa = PBXVariantGroup;
			children = (
				A67814C32832864300988B9B /* Base */,
			);
			name = LaunchScreen.storyboard;
			sourceTree = "<group>";
		};
/* End PBXVariantGroup section */

/* Begin XCBuildConfiguration section */
		38E83E0A24DBD7440064DCD5 /* Debug */ = {
			isa = XCBuildConfiguration;
			buildSettings = {
				ALWAYS_SEARCH_USER_PATHS = NO;
				CLANG_ANALYZER_NONNULL = YES;
				CLANG_ANALYZER_NUMBER_OBJECT_CONVERSION = YES_AGGRESSIVE;
				CLANG_CXX_LANGUAGE_STANDARD = "gnu++14";
				CLANG_CXX_LIBRARY = "libc++";
				CLANG_ENABLE_MODULES = YES;
				CLANG_ENABLE_OBJC_ARC = YES;
				CLANG_ENABLE_OBJC_WEAK = YES;
				CLANG_WARN_BLOCK_CAPTURE_AUTORELEASING = YES;
				CLANG_WARN_BOOL_CONVERSION = YES;
				CLANG_WARN_COMMA = YES;
				CLANG_WARN_CONSTANT_CONVERSION = YES;
				CLANG_WARN_DEPRECATED_OBJC_IMPLEMENTATIONS = YES;
				CLANG_WARN_DIRECT_OBJC_ISA_USAGE = YES_ERROR;
				CLANG_WARN_DOCUMENTATION_COMMENTS = YES;
				CLANG_WARN_EMPTY_BODY = YES;
				CLANG_WARN_ENUM_CONVERSION = YES;
				CLANG_WARN_INFINITE_RECURSION = YES;
				CLANG_WARN_INT_CONVERSION = YES;
				CLANG_WARN_NON_LITERAL_NULL_CONVERSION = YES;
				CLANG_WARN_OBJC_IMPLICIT_RETAIN_SELF = YES;
				CLANG_WARN_OBJC_LITERAL_CONVERSION = YES;
				CLANG_WARN_OBJC_ROOT_CLASS = YES_ERROR;
				CLANG_WARN_RANGE_LOOP_ANALYSIS = YES;
				CLANG_WARN_STRICT_PROTOTYPES = YES;
				CLANG_WARN_SUSPICIOUS_MOVE = YES;
				CLANG_WARN_UNGUARDED_AVAILABILITY = YES_AGGRESSIVE;
				CLANG_WARN_UNREACHABLE_CODE = YES;
				CLANG_WARN__DUPLICATE_METHOD_MATCH = YES;
				COPY_PHASE_STRIP = NO;
				DEBUG_INFORMATION_FORMAT = dwarf;
				ENABLE_STRICT_OBJC_MSGSEND = YES;
				ENABLE_TESTABILITY = YES;
				GCC_C_LANGUAGE_STANDARD = gnu11;
				GCC_DYNAMIC_NO_PIC = NO;
				GCC_NO_COMMON_BLOCKS = YES;
				GCC_OPTIMIZATION_LEVEL = 0;
				GCC_PREPROCESSOR_DEFINITIONS = (
					"DEBUG=1",
					"$(inherited)",
				);
				GCC_WARN_64_TO_32_BIT_CONVERSION = YES;
				GCC_WARN_ABOUT_RETURN_TYPE = YES_ERROR;
				GCC_WARN_UNDECLARED_SELECTOR = YES;
				GCC_WARN_UNINITIALIZED_AUTOS = YES_AGGRESSIVE;
				GCC_WARN_UNUSED_FUNCTION = YES;
				GCC_WARN_UNUSED_VARIABLE = YES;
				IPHONEOS_DEPLOYMENT_TARGET = 13.6;
				MTL_ENABLE_DEBUG_INFO = INCLUDE_SOURCE;
				MTL_FAST_MATH = YES;
				ONLY_ACTIVE_ARCH = YES;
				SDKROOT = iphoneos;
				SWIFT_ACTIVE_COMPILATION_CONDITIONS = DEBUG;
				SWIFT_OPTIMIZATION_LEVEL = "-Onone";
			};
			name = Debug;
		};
		38E83E0B24DBD7440064DCD5 /* Release */ = {
			isa = XCBuildConfiguration;
			buildSettings = {
				ALWAYS_SEARCH_USER_PATHS = NO;
				CLANG_ANALYZER_NONNULL = YES;
				CLANG_ANALYZER_NUMBER_OBJECT_CONVERSION = YES_AGGRESSIVE;
				CLANG_CXX_LANGUAGE_STANDARD = "gnu++14";
				CLANG_CXX_LIBRARY = "libc++";
				CLANG_ENABLE_MODULES = YES;
				CLANG_ENABLE_OBJC_ARC = YES;
				CLANG_ENABLE_OBJC_WEAK = YES;
				CLANG_WARN_BLOCK_CAPTURE_AUTORELEASING = YES;
				CLANG_WARN_BOOL_CONVERSION = YES;
				CLANG_WARN_COMMA = YES;
				CLANG_WARN_CONSTANT_CONVERSION = YES;
				CLANG_WARN_DEPRECATED_OBJC_IMPLEMENTATIONS = YES;
				CLANG_WARN_DIRECT_OBJC_ISA_USAGE = YES_ERROR;
				CLANG_WARN_DOCUMENTATION_COMMENTS = YES;
				CLANG_WARN_EMPTY_BODY = YES;
				CLANG_WARN_ENUM_CONVERSION = YES;
				CLANG_WARN_INFINITE_RECURSION = YES;
				CLANG_WARN_INT_CONVERSION = YES;
				CLANG_WARN_NON_LITERAL_NULL_CONVERSION = YES;
				CLANG_WARN_OBJC_IMPLICIT_RETAIN_SELF = YES;
				CLANG_WARN_OBJC_LITERAL_CONVERSION = YES;
				CLANG_WARN_OBJC_ROOT_CLASS = YES_ERROR;
				CLANG_WARN_RANGE_LOOP_ANALYSIS = YES;
				CLANG_WARN_STRICT_PROTOTYPES = YES;
				CLANG_WARN_SUSPICIOUS_MOVE = YES;
				CLANG_WARN_UNGUARDED_AVAILABILITY = YES_AGGRESSIVE;
				CLANG_WARN_UNREACHABLE_CODE = YES;
				CLANG_WARN__DUPLICATE_METHOD_MATCH = YES;
				COPY_PHASE_STRIP = NO;
				DEBUG_INFORMATION_FORMAT = "dwarf-with-dsym";
				ENABLE_NS_ASSERTIONS = NO;
				ENABLE_STRICT_OBJC_MSGSEND = YES;
				GCC_C_LANGUAGE_STANDARD = gnu11;
				GCC_NO_COMMON_BLOCKS = YES;
				GCC_WARN_64_TO_32_BIT_CONVERSION = YES;
				GCC_WARN_ABOUT_RETURN_TYPE = YES_ERROR;
				GCC_WARN_UNDECLARED_SELECTOR = YES;
				GCC_WARN_UNINITIALIZED_AUTOS = YES_AGGRESSIVE;
				GCC_WARN_UNUSED_FUNCTION = YES;
				GCC_WARN_UNUSED_VARIABLE = YES;
				IPHONEOS_DEPLOYMENT_TARGET = 13.6;
				MTL_ENABLE_DEBUG_INFO = NO;
				MTL_FAST_MATH = YES;
				SDKROOT = iphoneos;
				SWIFT_COMPILATION_MODE = wholemodule;
				SWIFT_OPTIMIZATION_LEVEL = "-O";
				VALIDATE_PRODUCT = YES;
			};
			name = Release;
		};
		38E83E0D24DBD7440064DCD5 /* Debug */ = {
			isa = XCBuildConfiguration;
			buildSettings = {
				ASSETCATALOG_COMPILER_APPICON_NAME = AppIcon;
				CODE_SIGN_STYLE = Automatic;
				DEVELOPMENT_TEAM = W4L7C7T8G2;
				FRAMEWORK_SEARCH_PATHS = (
					"$(inherited)",
					"$(PROJECT_DIR)/SCSDK",
				);
				INFOPLIST_FILE = "SpeedcheckerSDK Sample/Info.plist";
				IPHONEOS_DEPLOYMENT_TARGET = 12.1;
				LD_RUNPATH_SEARCH_PATHS = (
					"$(inherited)",
					"@executable_path/Frameworks",
				);
				PRODUCT_BUNDLE_IDENTIFIER = "com.speedchecker.SpeedcheckerSDK-Sample";
				PRODUCT_NAME = "$(TARGET_NAME)";
				SWIFT_VERSION = 5.0;
				TARGETED_DEVICE_FAMILY = "1,2";
			};
			name = Debug;
		};
		38E83E0E24DBD7440064DCD5 /* Release */ = {
			isa = XCBuildConfiguration;
			buildSettings = {
				ASSETCATALOG_COMPILER_APPICON_NAME = AppIcon;
				CODE_SIGN_STYLE = Automatic;
				DEVELOPMENT_TEAM = W4L7C7T8G2;
				FRAMEWORK_SEARCH_PATHS = (
					"$(inherited)",
					"$(PROJECT_DIR)/SCSDK",
				);
				INFOPLIST_FILE = "SpeedcheckerSDK Sample/Info.plist";
				IPHONEOS_DEPLOYMENT_TARGET = 12.1;
				LD_RUNPATH_SEARCH_PATHS = (
					"$(inherited)",
					"@executable_path/Frameworks",
				);
				PRODUCT_BUNDLE_IDENTIFIER = "com.speedchecker.SpeedcheckerSDK-Sample";
				PRODUCT_NAME = "$(TARGET_NAME)";
				SWIFT_VERSION = 5.0;
				TARGETED_DEVICE_FAMILY = "1,2";
			};
			name = Release;
		};
		A67814C72832864300988B9B /* Debug */ = {
			isa = XCBuildConfiguration;
			buildSettings = {
				ASSETCATALOG_COMPILER_APPICON_NAME = AppIcon;
				ASSETCATALOG_COMPILER_GLOBAL_ACCENT_COLOR_NAME = AccentColor;
				CLANG_CXX_LANGUAGE_STANDARD = "gnu++17";
				CLANG_WARN_QUOTED_INCLUDE_IN_FRAMEWORK_HEADER = YES;
				CODE_SIGN_STYLE = Automatic;
				CURRENT_PROJECT_VERSION = 1;
				DEVELOPMENT_TEAM = W4L7C7T8G2;
				GENERATE_INFOPLIST_FILE = YES;
				INFOPLIST_FILE = "BackgroundTests Sample/Info.plist";
				INFOPLIST_KEY_NSLocationAlwaysAndWhenInUseUsageDescription = "The app will run network tests in the background that may consume up to 100 MB from your mobile data plan. This anonymized data helps Internet providers to perform quality research and improve Internet infrastructure in your area.";
				INFOPLIST_KEY_NSLocationAlwaysUsageDescription = "The app will run network tests in the background that may consume up to 100 MB from your mobile data plan. This anonymized data helps Internet providers to perform quality research and improve Internet infrastructure in your area.";
				INFOPLIST_KEY_NSLocationWhenInUseUsageDescription = "We need your location to provide accurate speeds by using your nearest server.";
				INFOPLIST_KEY_UIApplicationSupportsIndirectInputEvents = YES;
				INFOPLIST_KEY_UILaunchStoryboardName = LaunchScreen;
				INFOPLIST_KEY_UIMainStoryboardFile = Main;
				INFOPLIST_KEY_UISupportedInterfaceOrientations_iPad = "UIInterfaceOrientationPortrait UIInterfaceOrientationPortraitUpsideDown UIInterfaceOrientationLandscapeLeft UIInterfaceOrientationLandscapeRight";
				INFOPLIST_KEY_UISupportedInterfaceOrientations_iPhone = "UIInterfaceOrientationPortrait UIInterfaceOrientationLandscapeLeft UIInterfaceOrientationLandscapeRight";
				IPHONEOS_DEPLOYMENT_TARGET = 13.0;
				LD_RUNPATH_SEARCH_PATHS = (
					"$(inherited)",
					"@executable_path/Frameworks",
				);
				MARKETING_VERSION = 1.0;
				PRODUCT_BUNDLE_IDENTIFIER = "com.speedchecker.SpeedcheckerSDK-BGSample.BackgroundTests-Sample";
				PRODUCT_NAME = "$(TARGET_NAME)";
				SWIFT_EMIT_LOC_STRINGS = YES;
				SWIFT_VERSION = 5.0;
				TARGETED_DEVICE_FAMILY = "1,2";
			};
			name = Debug;
		};
		A67814C82832864300988B9B /* Release */ = {
			isa = XCBuildConfiguration;
			buildSettings = {
				ASSETCATALOG_COMPILER_APPICON_NAME = AppIcon;
				ASSETCATALOG_COMPILER_GLOBAL_ACCENT_COLOR_NAME = AccentColor;
				CLANG_CXX_LANGUAGE_STANDARD = "gnu++17";
				CLANG_WARN_QUOTED_INCLUDE_IN_FRAMEWORK_HEADER = YES;
				CODE_SIGN_STYLE = Automatic;
				CURRENT_PROJECT_VERSION = 1;
				DEVELOPMENT_TEAM = W4L7C7T8G2;
				GENERATE_INFOPLIST_FILE = YES;
				INFOPLIST_FILE = "BackgroundTests Sample/Info.plist";
				INFOPLIST_KEY_NSLocationAlwaysAndWhenInUseUsageDescription = "The app will run network tests in the background that may consume up to 100 MB from your mobile data plan. This anonymized data helps Internet providers to perform quality research and improve Internet infrastructure in your area.";
				INFOPLIST_KEY_NSLocationAlwaysUsageDescription = "The app will run network tests in the background that may consume up to 100 MB from your mobile data plan. This anonymized data helps Internet providers to perform quality research and improve Internet infrastructure in your area.";
				INFOPLIST_KEY_NSLocationWhenInUseUsageDescription = "We need your location to provide accurate speeds by using your nearest server.";
				INFOPLIST_KEY_UIApplicationSupportsIndirectInputEvents = YES;
				INFOPLIST_KEY_UILaunchStoryboardName = LaunchScreen;
				INFOPLIST_KEY_UIMainStoryboardFile = Main;
				INFOPLIST_KEY_UISupportedInterfaceOrientations_iPad = "UIInterfaceOrientationPortrait UIInterfaceOrientationPortraitUpsideDown UIInterfaceOrientationLandscapeLeft UIInterfaceOrientationLandscapeRight";
				INFOPLIST_KEY_UISupportedInterfaceOrientations_iPhone = "UIInterfaceOrientationPortrait UIInterfaceOrientationLandscapeLeft UIInterfaceOrientationLandscapeRight";
				IPHONEOS_DEPLOYMENT_TARGET = 13.0;
				LD_RUNPATH_SEARCH_PATHS = (
					"$(inherited)",
					"@executable_path/Frameworks",
				);
				MARKETING_VERSION = 1.0;
				PRODUCT_BUNDLE_IDENTIFIER = "com.speedchecker.SpeedcheckerSDK-BGSample.BackgroundTests-Sample";
				PRODUCT_NAME = "$(TARGET_NAME)";
				SWIFT_EMIT_LOC_STRINGS = YES;
				SWIFT_VERSION = 5.0;
				TARGETED_DEVICE_FAMILY = "1,2";
			};
			name = Release;
		};
		A6E7F4A12DB8178A0034B38E /* Debug */ = {
			isa = XCBuildConfiguration;
			buildSettings = {
				ASSETCATALOG_COMPILER_APPICON_NAME = AppIcon;
				ASSETCATALOG_COMPILER_GENERATE_SWIFT_ASSET_SYMBOL_EXTENSIONS = YES;
				ASSETCATALOG_COMPILER_GLOBAL_ACCENT_COLOR_NAME = AccentColor;
				CLANG_CXX_LANGUAGE_STANDARD = "gnu++20";
				CLANG_WARN_QUOTED_INCLUDE_IN_FRAMEWORK_HEADER = YES;
				CODE_SIGN_STYLE = Automatic;
				CURRENT_PROJECT_VERSION = 1;
				DEVELOPMENT_TEAM = W4L7C7T8G2;
				ENABLE_USER_SCRIPT_SANDBOXING = YES;
				GCC_C_LANGUAGE_STANDARD = gnu17;
				GENERATE_INFOPLIST_FILE = YES;
				INFOPLIST_FILE = "LaunchTest Sample/Info.plist";
				INFOPLIST_KEY_NSLocationWhenInUseUsageDescription = "We need your location to provide accurate speeds by using your nearest server.";
				INFOPLIST_KEY_UIApplicationSupportsIndirectInputEvents = YES;
				INFOPLIST_KEY_UILaunchStoryboardName = LaunchScreen;
				INFOPLIST_KEY_UIMainStoryboardFile = Main;
				INFOPLIST_KEY_UISupportedInterfaceOrientations_iPad = "UIInterfaceOrientationPortrait UIInterfaceOrientationPortraitUpsideDown UIInterfaceOrientationLandscapeLeft UIInterfaceOrientationLandscapeRight";
				INFOPLIST_KEY_UISupportedInterfaceOrientations_iPhone = "UIInterfaceOrientationPortrait UIInterfaceOrientationLandscapeLeft UIInterfaceOrientationLandscapeRight";
				IPHONEOS_DEPLOYMENT_TARGET = 13.0;
				LD_RUNPATH_SEARCH_PATHS = (
					"$(inherited)",
					"@executable_path/Frameworks",
				);
				LOCALIZATION_PREFERS_STRING_CATALOGS = YES;
				MARKETING_VERSION = 1.0;
				PRODUCT_BUNDLE_IDENTIFIER = "com.speedchecker.SpeedcheckerSDK.LaunchTest-Sample";
				PRODUCT_NAME = "$(TARGET_NAME)";
				SWIFT_ACTIVE_COMPILATION_CONDITIONS = "DEBUG $(inherited)";
				SWIFT_EMIT_LOC_STRINGS = YES;
				SWIFT_VERSION = 5.0;
				TARGETED_DEVICE_FAMILY = "1,2";
			};
			name = Debug;
		};
		A6E7F4A22DB8178A0034B38E /* Release */ = {
			isa = XCBuildConfiguration;
			buildSettings = {
				ASSETCATALOG_COMPILER_APPICON_NAME = AppIcon;
				ASSETCATALOG_COMPILER_GENERATE_SWIFT_ASSET_SYMBOL_EXTENSIONS = YES;
				ASSETCATALOG_COMPILER_GLOBAL_ACCENT_COLOR_NAME = AccentColor;
				CLANG_CXX_LANGUAGE_STANDARD = "gnu++20";
				CLANG_WARN_QUOTED_INCLUDE_IN_FRAMEWORK_HEADER = YES;
				CODE_SIGN_STYLE = Automatic;
				CURRENT_PROJECT_VERSION = 1;
				DEVELOPMENT_TEAM = W4L7C7T8G2;
				ENABLE_USER_SCRIPT_SANDBOXING = YES;
				GCC_C_LANGUAGE_STANDARD = gnu17;
				GENERATE_INFOPLIST_FILE = YES;
				INFOPLIST_FILE = "LaunchTest Sample/Info.plist";
				INFOPLIST_KEY_NSLocationWhenInUseUsageDescription = "We need your location to provide accurate speeds by using your nearest server.";
				INFOPLIST_KEY_UIApplicationSupportsIndirectInputEvents = YES;
				INFOPLIST_KEY_UILaunchStoryboardName = LaunchScreen;
				INFOPLIST_KEY_UIMainStoryboardFile = Main;
				INFOPLIST_KEY_UISupportedInterfaceOrientations_iPad = "UIInterfaceOrientationPortrait UIInterfaceOrientationPortraitUpsideDown UIInterfaceOrientationLandscapeLeft UIInterfaceOrientationLandscapeRight";
				INFOPLIST_KEY_UISupportedInterfaceOrientations_iPhone = "UIInterfaceOrientationPortrait UIInterfaceOrientationLandscapeLeft UIInterfaceOrientationLandscapeRight";
				IPHONEOS_DEPLOYMENT_TARGET = 13.0;
				LD_RUNPATH_SEARCH_PATHS = (
					"$(inherited)",
					"@executable_path/Frameworks",
				);
				LOCALIZATION_PREFERS_STRING_CATALOGS = YES;
				MARKETING_VERSION = 1.0;
				PRODUCT_BUNDLE_IDENTIFIER = "com.speedchecker.SpeedcheckerSDK.LaunchTest-Sample";
				PRODUCT_NAME = "$(TARGET_NAME)";
				SWIFT_EMIT_LOC_STRINGS = YES;
				SWIFT_VERSION = 5.0;
				TARGETED_DEVICE_FAMILY = "1,2";
			};
			name = Release;
		};
/* End XCBuildConfiguration section */

/* Begin XCConfigurationList section */
		38E83DF324DBD7430064DCD5 /* Build configuration list for PBXProject "SpeedcheckerSDK Sample" */ = {
			isa = XCConfigurationList;
			buildConfigurations = (
				38E83E0A24DBD7440064DCD5 /* Debug */,
				38E83E0B24DBD7440064DCD5 /* Release */,
			);
			defaultConfigurationIsVisible = 0;
			defaultConfigurationName = Release;
		};
		38E83E0C24DBD7440064DCD5 /* Build configuration list for PBXNativeTarget "SpeedcheckerSDK Sample" */ = {
			isa = XCConfigurationList;
			buildConfigurations = (
				38E83E0D24DBD7440064DCD5 /* Debug */,
				38E83E0E24DBD7440064DCD5 /* Release */,
			);
			defaultConfigurationIsVisible = 0;
			defaultConfigurationName = Release;
		};
		A67814C62832864300988B9B /* Build configuration list for PBXNativeTarget "BackgroundTests Sample" */ = {
			isa = XCConfigurationList;
			buildConfigurations = (
				A67814C72832864300988B9B /* Debug */,
				A67814C82832864300988B9B /* Release */,
			);
			defaultConfigurationIsVisible = 0;
			defaultConfigurationName = Release;
		};
		A6E7F4A02DB8178A0034B38E /* Build configuration list for PBXNativeTarget "LaunchTest Sample" */ = {
			isa = XCConfigurationList;
			buildConfigurations = (
				A6E7F4A12DB8178A0034B38E /* Debug */,
				A6E7F4A22DB8178A0034B38E /* Release */,
			);
			defaultConfigurationIsVisible = 0;
			defaultConfigurationName = Release;
		};
/* End XCConfigurationList section */
	};
	rootObject = 38E83DF024DBD7430064DCD5 /* Project object */;
}
